
Microsoft Visual Studio Solution File, Format Version 12.00
# Visual Studio Version 18
VisualStudioVersion = 18.8.12023.21 stable
MinimumVisualStudioVersion = 10.0.40219.1
Project("{2150E333-8FDC-42A3-9474-1A3956D46DE8}") = "src", "src", "{02EA681E-C7D8-13C7-8484-4AC65E1B71E8}"
EndProject
Project("{FAE04EC0-301F-11D3-BF4B-00C04F79EFBC}") = "ERP.API", "src\ERP.API\ERP.API.csproj", "{9F5439AC-69DA-A678-4D63-D75026284502}"
EndProject
Project("{FAE04EC0-301F-11D3-BF4B-00C04F79EFBC}") = "ERP.Core", "src\ERP.Core\ERP.Core.csproj", "{ECFBDBC9-998F-4D7F-B19A-4D0C2A3C0705}"
EndProject
Project("{FAE04EC0-301F-11D3-BF4B-00C04F79EFBC}") = "ERP.Identity", "src\ERP.Identity\ERP.Identity.csproj", "{AD21320A-F074-4CF3-8D01-51EF16F6B2EF}"
EndProject
Project("{2150E333-8FDC-42A3-9474-1A3956D46DE8}") = "Modules", "Modules", "{79BD94B2-D37A-B054-E27D-3F8197A238B8}"
EndProject
Project("{2150E333-8FDC-42A3-9474-1A3956D46DE8}") = "Leads", "Leads", "{BABF810A-686E-50F8-246A-6639D9A5EF43}"
EndProject
Project("{FAE04EC0-301F-11D3-BF4B-00C04F79EFBC}") = "Leads.Domain", "src\Modules\Leads\Leads.Domain\Leads.Domain.csproj", "{1B3FCA00-D9C8-46D5-8488-A3B9113FB673}"
EndProject
Project("{FAE04EC0-301F-11D3-BF4B-00C04F79EFBC}") = "Leads.Application", "src\Modules\Leads\Leads.Application\Leads.Application.csproj", "{8F9C5488-5DC7-4FE1-BE7E-F39A0E8596F3}"
EndProject
Project("{FAE04EC0-301F-11D3-BF4B-00C04F79EFBC}") = "Leads.Infrastructure", "src\Modules\Leads\Leads.Infrastructure\Leads.Infrastructure.csproj", "{B2743F5C-190A-43E7-BC0E-342A8D963607}"
EndProject
Project("{2150E333-8FDC-42A3-9474-1A3956D46DE8}") = "Opportunities", "Opportunities", "{F0C3794A-17FF-EA1A-7726-67742A0E6667}"
EndProject
Project("{FAE04EC0-301F-11D3-BF4B-00C04F79EFBC}") = "Opportunities.Domain", "src\Modules\Opportunities\Opportunities.Domain\Opportunities.Domain.csproj", "{826004B0-A051-4187-9F8F-F16A373E5287}"
EndProject
Project("{FAE04EC0-301F-11D3-BF4B-00C04F79EFBC}") = "Opportunities.Application", "src\Modules\Opportunities\Opportunities.Application\Opportunities.Application.csproj", "{15AE1858-166E-4421-80A7-FDC0E9D606BF}"
EndProject
Project("{FAE04EC0-301F-11D3-BF4B-00C04F79EFBC}") = "Opportunities.Infrastructure", "src\Modules\Opportunities\Opportunities.Infrastructure\Opportunities.Infrastructure.csproj", "{B9250409-4ECD-4CB9-9787-6756DF407048}"
EndProject
Project("{2150E333-8FDC-42A3-9474-1A3956D46DE8}") = "Partners", "Partners", "{9895594A-53D7-CFA6-CD28-BF1D4DEAE650}"
EndProject
Project("{FAE04EC0-301F-11D3-BF4B-00C04F79EFBC}") = "Partners.Domain", "src\Modules\Partners\Partners.Domain\Partners.Domain.csproj", "{BD6F4516-8E2C-4E83-9FDF-4AFF41EE42E2}"
EndProject
Project("{FAE04EC0-301F-11D3-BF4B-00C04F79EFBC}") = "Partners.Application", "src\Modules\Partners\Partners.Application\Partners.Application.csproj", "{DAA5F59E-5EAA-45F1-B661-70B0C2950E3F}"
EndProject
Project("{FAE04EC0-301F-11D3-BF4B-00C04F79EFBC}") = "Partners.Infrastructure", "src\Modules\Partners\Partners.Infrastructure\Partners.Infrastructure.csproj", "{72334B9D-EE32-408F-823B-C4D3A60443C9}"
EndProject
Project("{2150E333-8FDC-42A3-9474-1A3956D46DE8}") = "Products", "Products", "{32AB9031-46EF-EB64-39E9-1163C7E8B46C}"
EndProject
Project("{FAE04EC0-301F-11D3-BF4B-00C04F79EFBC}") = "Products.Domain", "src\Modules\Products\Products.Domain\Products.Domain.csproj", "{8D281199-E37C-48F6-8ED3-87796E1C5F33}"
EndProject
Project("{FAE04EC0-301F-11D3-BF4B-00C04F79EFBC}") = "Products.Application", "src\Modules\Products\Products.Application\Products.Application.csproj", "{04E24224-A089-40DF-8D73-F0824003C517}"
EndProject
Project("{FAE04EC0-301F-11D3-BF4B-00C04F79EFBC}") = "Products.Infrastructure", "src\Modules\Products\Products.Infrastructure\Products.Infrastructure.csproj", "{13A8CF2E-0528-4E0C-9B6D-5287B3FE5F35}"
EndProject
Project("{2150E333-8FDC-42A3-9474-1A3956D46DE8}") = "Clients", "Clients", "{ACC2F0D4-DC73-04C2-AB65-FFBB879EFD23}"
EndProject
Project("{FAE04EC0-301F-11D3-BF4B-00C04F79EFBC}") = "Clients.Domain", "src\Modules\Clients\Clients.Domain\Clients.Domain.csproj", "{D4E58D2E-5437-4CEB-9701-32410AAF1C60}"
EndProject
Project("{FAE04EC0-301F-11D3-BF4B-00C04F79EFBC}") = "Clients.Application", "src\Modules\Clients\Clients.Application\Clients.Application.csproj", "{295FB638-7C67-42DA-88FE-22DA7293C50E}"
EndProject
Project("{FAE04EC0-301F-11D3-BF4B-00C04F79EFBC}") = "Clients.Infrastructure", "src\Modules\Clients\Clients.Infrastructure\Clients.Infrastructure.csproj", "{7A68A7AF-6766-40A2-AE2F-58A08D1937DC}"
EndProject
Project("{2150E333-8FDC-42A3-9474-1A3956D46DE8}") = "Dashboard", "Dashboard", "{F852E5E2-6A8C-2173-4CF0-8362FE2D1B2C}"
EndProject
Project("{FAE04EC0-301F-11D3-BF4B-00C04F79EFBC}") = "Dashboard.Application", "src\Modules\Dashboard\Dashboard.Application\Dashboard.Application.csproj", "{5162B2A3-458D-46C6-B560-DFB27C0E1263}"
EndProject
Project("{FAE04EC0-301F-11D3-BF4B-00C04F79EFBC}") = "Dashboard.Infrastructure", "src\Modules\Dashboard\Dashboard.Infrastructure\Dashboard.Infrastructure.csproj", "{D7E518EB-2CE5-495D-9B69-13A28EA0E966}"
EndProject
Project("{2150E333-8FDC-42A3-9474-1A3956D46DE8}") = "Notifications", "Notifications", "{1F3C4510-7F69-9600-66D8-DC41BE472AC0}"
EndProject
Project("{FAE04EC0-301F-11D3-BF4B-00C04F79EFBC}") = "Notifications.Application", "src\Modules\Notifications\Notifications.Application\Notifications.Application.csproj", "{C1FCBB79-051F-47CA-A164-FCEE4E32E86A}"
EndProject
Project("{FAE04EC0-301F-11D3-BF4B-00C04F79EFBC}") = "Notifications.Domain", "src\Modules\Notifications\Notifications.Domain\Notifications.Domain.csproj", "{88FA83FF-B2BB-499D-B0B8-DBD87817482C}"
EndProject
Project("{FAE04EC0-301F-11D3-BF4B-00C04F79EFBC}") = "Notifications.Infrastructure", "src\Modules\Notifications\Notifications.Infrastructure\Notifications.Infrastructure.csproj", "{1ADB7008-D47A-44AE-913F-2C09EE47F4FD}"
EndProject
Project("{2150E333-8FDC-42A3-9474-1A3956D46DE8}") = "Lookups", "Lookups", "{65C434DD-841E-43E1-48A7-8B219F512763}"
EndProject
Project("{FAE04EC0-301F-11D3-BF4B-00C04F79EFBC}") = "Lookups.Application", "src\Modules\Lookups\Lookups.Application\Lookups.Application.csproj", "{455F029A-6111-4B13-88A0-EAFF8D4070F6}"
EndProject
Project("{FAE04EC0-301F-11D3-BF4B-00C04F79EFBC}") = "Lookups.Infrastructure", "src\Modules\Lookups\Lookups.Infrastructure\Lookups.Infrastructure.csproj", "{707BBCE4-4A43-4F95-8398-3025D0B6B773}"
EndProject
Global
	GlobalSection(SolutionConfigurationPlatforms) = preSolution
		Debug|Any CPU = Debug|Any CPU
		Debug|x64 = Debug|x64
		Debug|x86 = Debug|x86
		Release|Any CPU = Release|Any CPU
		Release|x64 = Release|x64
		Release|x86 = Release|x86
	EndGlobalSection
	GlobalSection(ProjectConfigurationPlatforms) = postSolution
		{9F5439AC-69DA-A678-4D63-D75026284502}.Debug|Any CPU.ActiveCfg = Debug|Any CPU
		{9F5439AC-69DA-A678-4D63-D75026284502}.Debug|Any CPU.Build.0 = Debug|Any CPU
		{9F5439AC-69DA-A678-4D63-D75026284502}.Debug|x64.ActiveCfg = Debug|Any CPU
		{9F5439AC-69DA-A678-4D63-D75026284502}.Debug|x64.Build.0 = Debug|Any CPU
		{9F5439AC-69DA-A678-4D63-D75026284502}.Debug|x86.ActiveCfg = Debug|Any CPU
		{9F5439AC-69DA-A678-4D63-D75026284502}.Debug|x86.Build.0 = Debug|Any CPU
		{9F5439AC-69DA-A678-4D63-D75026284502}.Release|Any CPU.ActiveCfg = Release|Any CPU
		{9F5439AC-69DA-A678-4D63-D75026284502}.Release|Any CPU.Build.0 = Release|Any CPU
		{9F5439AC-69DA-A678-4D63-D75026284502}.Release|x64.ActiveCfg = Release|Any CPU
		{9F5439AC-69DA-A678-4D63-D75026284502}.Release|x64.Build.0 = Release|Any CPU
		{9F5439AC-69DA-A678-4D63-D75026284502}.Release|x86.ActiveCfg = Release|Any CPU
		{9F5439AC-69DA-A678-4D63-D75026284502}.Release|x86.Build.0 = Release|Any CPU
		{ECFBDBC9-998F-4D7F-B19A-4D0C2A3C0705}.Debug|Any CPU.ActiveCfg = Debug|Any CPU
		{ECFBDBC9-998F-4D7F-B19A-4D0C2A3C0705}.Debug|Any CPU.Build.0 = Debug|Any CPU
		{ECFBDBC9-998F-4D7F-B19A-4D0C2A3C0705}.Debug|x64.ActiveCfg = Debug|Any CPU
		{ECFBDBC9-998F-4D7F-B19A-4D0C2A3C0705}.Debug|x64.Build.0 = Debug|Any CPU
		{ECFBDBC9-998F-4D7F-B19A-4D0C2A3C0705}.Debug|x86.ActiveCfg = Debug|Any CPU
		{ECFBDBC9-998F-4D7F-B19A-4D0C2A3C0705}.Debug|x86.Build.0 = Debug|Any CPU
		{ECFBDBC9-998F-4D7F-B19A-4D0C2A3C0705}.Release|Any CPU.ActiveCfg = Release|Any CPU
		{ECFBDBC9-998F-4D7F-B19A-4D0C2A3C0705}.Release|Any CPU.Build.0 = Release|Any CPU
		{ECFBDBC9-998F-4D7F-B19A-4D0C2A3C0705}.Release|x64.ActiveCfg = Release|Any CPU
		{ECFBDBC9-998F-4D7F-B19A-4D0C2A3C0705}.Release|x64.Build.0 = Release|Any CPU
		{ECFBDBC9-998F-4D7F-B19A-4D0C2A3C0705}.Release|x86.ActiveCfg = Release|Any CPU
		{ECFBDBC9-998F-4D7F-B19A-4D0C2A3C0705}.Release|x86.Build.0 = Release|Any CPU
		{AD21320A-F074-4CF3-8D01-51EF16F6B2EF}.Debug|Any CPU.ActiveCfg = Debug|Any CPU
		{AD21320A-F074-4CF3-8D01-51EF16F6B2EF}.Debug|Any CPU.Build.0 = Debug|Any CPU
		{AD21320A-F074-4CF3-8D01-51EF16F6B2EF}.Debug|x64.ActiveCfg = Debug|Any CPU
		{AD21320A-F074-4CF3-8D01-51EF16F6B2EF}.Debug|x64.Build.0 = Debug|Any CPU
		{AD21320A-F074-4CF3-8D01-51EF16F6B2EF}.Debug|x86.ActiveCfg = Debug|Any CPU
		{AD21320A-F074-4CF3-8D01-51EF16F6B2EF}.Debug|x86.Build.0 = Debug|Any CPU
		{AD21320A-F074-4CF3-8D01-51EF16F6B2EF}.Release|Any CPU.ActiveCfg = Release|Any CPU
		{AD21320A-F074-4CF3-8D01-51EF16F6B2EF}.Release|Any CPU.Build.0 = Release|Any CPU
		{AD21320A-F074-4CF3-8D01-51EF16F6B2EF}.Release|x64.ActiveCfg = Release|Any CPU
		{AD21320A-F074-4CF3-8D01-51EF16F6B2EF}.Release|x64.Build.0 = Release|Any CPU
		{AD21320A-F074-4CF3-8D01-51EF16F6B2EF}.Release|x86.ActiveCfg = Release|Any CPU
		{AD21320A-F074-4CF3-8D01-51EF16F6B2EF}.Release|x86.Build.0 = Release|Any CPU
		{1B3FCA00-D9C8-46D5-8488-A3B9113FB673}.Debug|Any CPU.ActiveCfg = Debug|Any CPU
		{1B3FCA00-D9C8-46D5-8488-A3B9113FB673}.Debug|Any CPU.Build.0 = Debug|Any CPU
		{1B3FCA00-D9C8-46D5-8488-A3B9113FB673}.Debug|x64.ActiveCfg = Debug|Any CPU
		{1B3FCA00-D9C8-46D5-8488-A3B9113FB673}.Debug|x64.Build.0 = Debug|Any CPU
		{1B3FCA00-D9C8-46D5-8488-A3B9113FB673}.Debug|x86.ActiveCfg = Debug|Any CPU
		{1B3FCA00-D9C8-46D5-8488-A3B9113FB673}.Debug|x86.Build.0 = Debug|Any CPU
		{1B3FCA00-D9C8-46D5-8488-A3B9113FB673}.Release|Any CPU.ActiveCfg = Release|Any CPU
		{1B3FCA00-D9C8-46D5-8488-A3B9113FB673}.Release|Any CPU.Build.0 = Release|Any CPU
		{1B3FCA00-D9C8-46D5-8488-A3B9113FB673}.Release|x64.ActiveCfg = Release|Any CPU
		{1B3FCA00-D9C8-46D5-8488-A3B9113FB673}.Release|x64.Build.0 = Release|Any CPU
		{1B3FCA00-D9C8-46D5-8488-A3B9113FB673}.Release|x86.ActiveCfg = Release|Any CPU
		{1B3FCA00-D9C8-46D5-8488-A3B9113FB673}.Release|x86.Build.0 = Release|Any CPU
		{8F9C5488-5DC7-4FE1-BE7E-F39A0E8596F3}.Debug|Any CPU.ActiveCfg = Debug|Any CPU
		{8F9C5488-5DC7-4FE1-BE7E-F39A0E8596F3}.Debug|Any CPU.Build.0 = Debug|Any CPU
		{8F9C5488-5DC7-4FE1-BE7E-F39A0E8596F3}.Debug|x64.ActiveCfg = Debug|Any CPU
		{8F9C5488-5DC7-4FE1-BE7E-F39A0E8596F3}.Debug|x64.Build.0 = Debug|Any CPU
		{8F9C5488-5DC7-4FE1-BE7E-F39A0E8596F3}.Debug|x86.ActiveCfg = Debug|Any CPU
		{8F9C5488-5DC7-4FE1-BE7E-F39A0E8596F3}.Debug|x86.Build.0 = Debug|Any CPU
		{8F9C5488-5DC7-4FE1-BE7E-F39A0E8596F3}.Release|Any CPU.ActiveCfg = Release|Any CPU
		{8F9C5488-5DC7-4FE1-BE7E-F39A0E8596F3}.Release|Any CPU.Build.0 = Release|Any CPU
		{8F9C5488-5DC7-4FE1-BE7E-F39A0E8596F3}.Release|x64.ActiveCfg = Release|Any CPU
		{8F9C5488-5DC7-4FE1-BE7E-F39A0E8596F3}.Release|x64.Build.0 = Release|Any CPU
		{8F9C5488-5DC7-4FE1-BE7E-F39A0E8596F3}.Release|x86.ActiveCfg = Release|Any CPU
		{8F9C5488-5DC7-4FE1-BE7E-F39A0E8596F3}.Release|x86.Build.0 = Release|Any CPU
		{B2743F5C-190A-43E7-BC0E-342A8D963607}.Debug|Any CPU.ActiveCfg = Debug|Any CPU
		{B2743F5C-190A-43E7-BC0E-342A8D963607}.Debug|Any CPU.Build.0 = Debug|Any CPU
		{B2743F5C-190A-43E7-BC0E-342A8D963607}.Debug|x64.ActiveCfg = Debug|Any CPU
		{B2743F5C-190A-43E7-BC0E-342A8D963607}.Debug|x64.Build.0 = Debug|Any CPU
		{B2743F5C-190A-43E7-BC0E-342A8D963607}.Debug|x86.ActiveCfg = Debug|Any CPU
		{B2743F5C-190A-43E7-BC0E-342A8D963607}.Debug|x86.Build.0 = Debug|Any CPU
		{B2743F5C-190A-43E7-BC0E-342A8D963607}.Release|Any CPU.ActiveCfg = Release|Any CPU
		{B2743F5C-190A-43E7-BC0E-342A8D963607}.Release|Any CPU.Build.0 = Release|Any CPU
		{B2743F5C-190A-43E7-BC0E-342A8D963607}.Release|x64.ActiveCfg = Release|Any CPU
		{B2743F5C-190A-43E7-BC0E-342A8D963607}.Release|x64.Build.0 = Release|Any CPU
		{B2743F5C-190A-43E7-BC0E-342A8D963607}.Release|x86.ActiveCfg = Release|Any CPU
		{B2743F5C-190A-43E7-BC0E-342A8D963607}.Release|x86.Build.0 = Release|Any CPU
		{826004B0-A051-4187-9F8F-F16A373E5287}.Debug|Any CPU.ActiveCfg = Debug|Any CPU
		{826004B0-A051-4187-9F8F-F16A373E5287}.Debug|Any CPU.Build.0 = Debug|Any CPU
		{826004B0-A051-4187-9F8F-F16A373E5287}.Debug|x64.ActiveCfg = Debug|Any CPU
		{826004B0-A051-4187-9F8F-F16A373E5287}.Debug|x64.Build.0 = Debug|Any CPU
		{826004B0-A051-4187-9F8F-F16A373E5287}.Debug|x86.ActiveCfg = Debug|Any CPU
		{826004B0-A051-4187-9F8F-F16A373E5287}.Debug|x86.Build.0 = Debug|Any CPU
		{826004B0-A051-4187-9F8F-F16A373E5287}.Release|Any CPU.ActiveCfg = Release|Any CPU
		{826004B0-A051-4187-9F8F-F16A373E5287}.Release|Any CPU.Build.0 = Release|Any CPU
		{826004B0-A051-4187-9F8F-F16A373E5287}.Release|x64.ActiveCfg = Release|Any CPU
		{826004B0-A051-4187-9F8F-F16A373E5287}.Release|x64.Build.0 = Release|Any CPU
		{826004B0-A051-4187-9F8F-F16A373E5287}.Release|x86.ActiveCfg = Release|Any CPU
		{826004B0-A051-4187-9F8F-F16A373E5287}.Release|x86.Build.0 = Release|Any CPU
		{15AE1858-166E-4421-80A7-FDC0E9D606BF}.Debug|Any CPU.ActiveCfg = Debug|Any CPU
		{15AE1858-166E-4421-80A7-FDC0E9D606BF}.Debug|Any CPU.Build.0 = Debug|Any CPU
		{15AE1858-166E-4421-80A7-FDC0E9D606BF}.Debug|x64.ActiveCfg = Debug|Any CPU
		{15AE1858-166E-4421-80A7-FDC0E9D606BF}.Debug|x64.Build.0 = Debug|Any CPU
		{15AE1858-166E-4421-80A7-FDC0E9D606BF}.Debug|x86.ActiveCfg = Debug|Any CPU
		{15AE1858-166E-4421-80A7-FDC0E9D606BF}.Debug|x86.Build.0 = Debug|Any CPU
		{15AE1858-166E-4421-80A7-FDC0E9D606BF}.Release|Any CPU.ActiveCfg = Release|Any CPU
		{15AE1858-166E-4421-80A7-FDC0E9D606BF}.Release|Any CPU.Build.0 = Release|Any CPU
		{15AE1858-166E-4421-80A7-FDC0E9D606BF}.Release|x64.ActiveCfg = Release|Any CPU
		{15AE1858-166E-4421-80A7-FDC0E9D606BF}.Release|x64.Build.0 = Release|Any CPU
		{15AE1858-166E-4421-80A7-FDC0E9D606BF}.Release|x86.ActiveCfg = Release|Any CPU
		{15AE1858-166E-4421-80A7-FDC0E9D606BF}.Release|x86.Build.0 = Release|Any CPU
		{B9250409-4ECD-4CB9-9787-6756DF407048}.Debug|Any CPU.ActiveCfg = Debug|Any CPU
		{B9250409-4ECD-4CB9-9787-6756DF407048}.Debug|Any CPU.Build.0 = Debug|Any CPU
		{B9250409-4ECD-4CB9-9787-6756DF407048}.Debug|x64.ActiveCfg = Debug|Any CPU
		{B9250409-4ECD-4CB9-9787-6756DF407048}.Debug|x64.Build.0 = Debug|Any CPU
		{B9250409-4ECD-4CB9-9787-6756DF407048}.Debug|x86.ActiveCfg = Debug|Any CPU
		{B9250409-4ECD-4CB9-9787-6756DF407048}.Debug|x86.Build.0 = Debug|Any CPU
		{B9250409-4ECD-4CB9-9787-6756DF407048}.Release|Any CPU.ActiveCfg = Release|Any CPU
		{B9250409-4ECD-4CB9-9787-6756DF407048}.Release|Any CPU.Build.0 = Release|Any CPU
		{B9250409-4ECD-4CB9-9787-6756DF407048}.Release|x64.ActiveCfg = Release|Any CPU
		{B9250409-4ECD-4CB9-9787-6756DF407048}.Release|x64.Build.0 = Release|Any CPU
		{B9250409-4ECD-4CB9-9787-6756DF407048}.Release|x86.ActiveCfg = Release|Any CPU
		{B9250409-4ECD-4CB9-9787-6756DF407048}.Release|x86.Build.0 = Release|Any CPU
		{BD6F4516-8E2C-4E83-9FDF-4AFF41EE42E2}.Debug|Any CPU.ActiveCfg = Debug|Any CPU
		{BD6F4516-8E2C-4E83-9FDF-4AFF41EE42E2}.Debug|Any CPU.Build.0 = Debug|Any CPU
		{BD6F4516-8E2C-4E83-9FDF-4AFF41EE42E2}.Debug|x64.ActiveCfg = Debug|Any CPU
		{BD6F4516-8E2C-4E83-9FDF-4AFF41EE42E2}.Debug|x64.Build.0 = Debug|Any CPU
		{BD6F4516-8E2C-4E83-9FDF-4AFF41EE42E2}.Debug|x86.ActiveCfg = Debug|Any CPU
		{BD6F4516-8E2C-4E83-9FDF-4AFF41EE42E2}.Debug|x86.Build.0 = Debug|Any CPU
		{BD6F4516-8E2C-4E83-9FDF-4AFF41EE42E2}.Release|Any CPU.ActiveCfg = Release|Any CPU
		{BD6F4516-8E2C-4E83-9FDF-4AFF41EE42E2}.Release|Any CPU.Build.0 = Release|Any CPU
		{BD6F4516-8E2C-4E83-9FDF-4AFF41EE42E2}.Release|x64.ActiveCfg = Release|Any CPU
		{BD6F4516-8E2C-4E83-9FDF-4AFF41EE42E2}.Release|x64.Build.0 = Release|Any CPU
		{BD6F4516-8E2C-4E83-9FDF-4AFF41EE42E2}.Release|x86.ActiveCfg = Release|Any CPU
		{BD6F4516-8E2C-4E83-9FDF-4AFF41EE42E2}.Release|x86.Build.0 = Release|Any CPU
		{DAA5F59E-5EAA-45F1-B661-70B0C2950E3F}.Debug|Any CPU.ActiveCfg = Debug|Any CPU
		{DAA5F59E-5EAA-45F1-B661-70B0C2950E3F}.Debug|Any CPU.Build.0 = Debug|Any CPU
		{DAA5F59E-5EAA-45F1-B661-70B0C2950E3F}.Debug|x64.ActiveCfg = Debug|Any CPU
		{DAA5F59E-5EAA-45F1-B661-70B0C2950E3F}.Debug|x64.Build.0 = Debug|Any CPU
		{DAA5F59E-5EAA-45F1-B661-70B0C2950E3F}.Debug|x86.ActiveCfg = Debug|Any CPU
		{DAA5F59E-5EAA-45F1-B661-70B0C2950E3F}.Debug|x86.Build.0 = Debug|Any CPU
		{DAA5F59E-5EAA-45F1-B661-70B0C2950E3F}.Release|Any CPU.ActiveCfg = Release|Any CPU
		{DAA5F59E-5EAA-45F1-B661-70B0C2950E3F}.Release|Any CPU.Build.0 = Release|Any CPU
		{DAA5F59E-5EAA-45F1-B661-70B0C2950E3F}.Release|x64.ActiveCfg = Release|Any CPU
		{DAA5F59E-5EAA-45F1-B661-70B0C2950E3F}.Release|x64.Build.0 = Release|Any CPU
		{DAA5F59E-5EAA-45F1-B661-70B0C2950E3F}.Release|x86.ActiveCfg = Release|Any CPU
		{DAA5F59E-5EAA-45F1-B661-70B0C2950E3F}.Release|x86.Build.0 = Release|Any CPU
		{72334B9D-EE32-408F-823B-C4D3A60443C9}.Debug|Any CPU.ActiveCfg = Debug|Any CPU
		{72334B9D-EE32-408F-823B-C4D3A60443C9}.Debug|Any CPU.Build.0 = Debug|Any CPU
		{72334B9D-EE32-408F-823B-C4D3A60443C9}.Debug|x64.ActiveCfg = Debug|Any CPU
		{72334B9D-EE32-408F-823B-C4D3A60443C9}.Debug|x64.Build.0 = Debug|Any CPU
		{72334B9D-EE32-408F-823B-C4D3A60443C9}.Debug|x86.ActiveCfg = Debug|Any CPU
		{72334B9D-EE32-408F-823B-C4D3A60443C9}.Debug|x86.Build.0 = Debug|Any CPU
		{72334B9D-EE32-408F-823B-C4D3A60443C9}.Release|Any CPU.ActiveCfg = Release|Any CPU
		{72334B9D-EE32-408F-823B-C4D3A60443C9}.Release|Any CPU.Build.0 = Release|Any CPU
		{72334B9D-EE32-408F-823B-C4D3A60443C9}.Release|x64.ActiveCfg = Release|Any CPU
		{72334B9D-EE32-408F-823B-C4D3A60443C9}.Release|x64.Build.0 = Release|Any CPU
		{72334B9D-EE32-408F-823B-C4D3A60443C9}.Release|x86.ActiveCfg = Release|Any CPU
		{72334B9D-EE32-408F-823B-C4D3A60443C9}.Release|x86.Build.0 = Release|Any CPU
		{8D281199-E37C-48F6-8ED3-87796E1C5F33}.Debug|Any CPU.ActiveCfg = Debug|Any CPU
		{8D281199-E37C-48F6-8ED3-87796E1C5F33}.Debug|Any CPU.Build.0 = Debug|Any CPU
		{8D281199-E37C-48F6-8ED3-87796E1C5F33}.Debug|x64.ActiveCfg = Debug|Any CPU
		{8D281199-E37C-48F6-8ED3-87796E1C5F33}.Debug|x64.Build.0 = Debug|Any CPU
		{8D281199-E37C-48F6-8ED3-87796E1C5F33}.Debug|x86.ActiveCfg = Debug|Any CPU
		{8D281199-E37C-48F6-8ED3-87796E1C5F33}.Debug|x86.Build.0 = Debug|Any CPU
		{8D281199-E37C-48F6-8ED3-87796E1C5F33}.Release|Any CPU.ActiveCfg = Release|Any CPU
		{8D281199-E37C-48F6-8ED3-87796E1C5F33}.Release|Any CPU.Build.0 = Release|Any CPU
		{8D281199-E37C-48F6-8ED3-87796E1C5F33}.Release|x64.ActiveCfg = Release|Any CPU
		{8D281199-E37C-48F6-8ED3-87796E1C5F33}.Release|x64.Build.0 = Release|Any CPU
		{8D281199-E37C-48F6-8ED3-87796E1C5F33}.Release|x86.ActiveCfg = Release|Any CPU
		{8D281199-E37C-48F6-8ED3-87796E1C5F33}.Release|x86.Build.0 = Release|Any CPU
		{04E24224-A089-40DF-8D73-F0824003C517}.Debug|Any CPU.ActiveCfg = Debug|Any CPU
		{04E24224-A089-40DF-8D73-F0824003C517}.Debug|Any CPU.Build.0 = Debug|Any CPU
		{04E24224-A089-40DF-8D73-F0824003C517}.Debug|x64.ActiveCfg = Debug|Any CPU
		{04E24224-A089-40DF-8D73-F0824003C517}.Debug|x64.Build.0 = Debug|Any CPU
		{04E24224-A089-40DF-8D73-F0824003C517}.Debug|x86.ActiveCfg = Debug|Any CPU
		{04E24224-A089-40DF-8D73-F0824003C517}.Debug|x86.Build.0 = Debug|Any CPU
		{04E24224-A089-40DF-8D73-F0824003C517}.Release|Any CPU.ActiveCfg = Release|Any CPU
		{04E24224-A089-40DF-8D73-F0824003C517}.Release|Any CPU.Build.0 = Release|Any CPU
		{04E24224-A089-40DF-8D73-F0824003C517}.Release|x64.ActiveCfg = Release|Any CPU
		{04E24224-A089-40DF-8D73-F0824003C517}.Release|x64.Build.0 = Release|Any CPU
		{04E24224-A089-40DF-8D73-F0824003C517}.Release|x86.ActiveCfg = Release|Any CPU
		{04E24224-A089-40DF-8D73-F0824003C517}.Release|x86.Build.0 = Release|Any CPU
		{13A8CF2E-0528-4E0C-9B6D-5287B3FE5F35}.Debug|Any CPU.ActiveCfg = Debug|Any CPU
		{13A8CF2E-0528-4E0C-9B6D-5287B3FE5F35}.Debug|Any CPU.Build.0 = Debug|Any CPU
		{13A8CF2E-0528-4E0C-9B6D-5287B3FE5F35}.Debug|x64.ActiveCfg = Debug|Any CPU
		{13A8CF2E-0528-4E0C-9B6D-5287B3FE5F35}.Debug|x64.Build.0 = Debug|Any CPU
		{13A8CF2E-0528-4E0C-9B6D-5287B3FE5F35}.Debug|x86.ActiveCfg = Debug|Any CPU
		{13A8CF2E-0528-4E0C-9B6D-5287B3FE5F35}.Debug|x86.Build.0 = Debug|Any CPU
		{13A8CF2E-0528-4E0C-9B6D-5287B3FE5F35}.Release|Any CPU.ActiveCfg = Release|Any CPU
		{13A8CF2E-0528-4E0C-9B6D-5287B3FE5F35}.Release|Any CPU.Build.0 = Release|Any CPU
		{13A8CF2E-0528-4E0C-9B6D-5287B3FE5F35}.Release|x64.ActiveCfg = Release|Any CPU
		{13A8CF2E-0528-4E0C-9B6D-5287B3FE5F35}.Release|x64.Build.0 = Release|Any CPU
		{13A8CF2E-0528-4E0C-9B6D-5287B3FE5F35}.Release|x86.ActiveCfg = Release|Any CPU
		{13A8CF2E-0528-4E0C-9B6D-5287B3FE5F35}.Release|x86.Build.0 = Release|Any CPU
		{D4E58D2E-5437-4CEB-9701-32410AAF1C60}.Debug|Any CPU.ActiveCfg = Debug|Any CPU
		{D4E58D2E-5437-4CEB-9701-32410AAF1C60}.Debug|Any CPU.Build.0 = Debug|Any CPU
		{D4E58D2E-5437-4CEB-9701-32410AAF1C60}.Debug|x64.ActiveCfg = Debug|Any CPU
		{D4E58D2E-5437-4CEB-9701-32410AAF1C60}.Debug|x64.Build.0 = Debug|Any CPU
		{D4E58D2E-5437-4CEB-9701-32410AAF1C60}.Debug|x86.ActiveCfg = Debug|Any CPU
		{D4E58D2E-5437-4CEB-9701-32410AAF1C60}.Debug|x86.Build.0 = Debug|Any CPU
		{D4E58D2E-5437-4CEB-9701-32410AAF1C60}.Release|Any CPU.ActiveCfg = Release|Any CPU
		{D4E58D2E-5437-4CEB-9701-32410AAF1C60}.Release|Any CPU.Build.0 = Release|Any CPU
		{D4E58D2E-5437-4CEB-9701-32410AAF1C60}.Release|x64.ActiveCfg = Release|Any CPU
		{D4E58D2E-5437-4CEB-9701-32410AAF1C60}.Release|x64.Build.0 = Release|Any CPU
		{D4E58D2E-5437-4CEB-9701-32410AAF1C60}.Release|x86.ActiveCfg = Release|Any CPU
		{D4E58D2E-5437-4CEB-9701-32410AAF1C60}.Release|x86.Build.0 = Release|Any CPU
		{295FB638-7C67-42DA-88FE-22DA7293C50E}.Debug|Any CPU.ActiveCfg = Debug|Any CPU
		{295FB638-7C67-42DA-88FE-22DA7293C50E}.Debug|Any CPU.Build.0 = Debug|Any CPU
		{295FB638-7C67-42DA-88FE-22DA7293C50E}.Debug|x64.ActiveCfg = Debug|Any CPU
		{295FB638-7C67-42DA-88FE-22DA7293C50E}.Debug|x64.Build.0 = Debug|Any CPU
		{295FB638-7C67-42DA-88FE-22DA7293C50E}.Debug|x86.ActiveCfg = Debug|Any CPU
		{295FB638-7C67-42DA-88FE-22DA7293C50E}.Debug|x86.Build.0 = Debug|Any CPU
		{295FB638-7C67-42DA-88FE-22DA7293C50E}.Release|Any CPU.ActiveCfg = Release|Any CPU
		{295FB638-7C67-42DA-88FE-22DA7293C50E}.Release|Any CPU.Build.0 = Release|Any CPU
		{295FB638-7C67-42DA-88FE-22DA7293C50E}.Release|x64.ActiveCfg = Release|Any CPU
		{295FB638-7C67-42DA-88FE-22DA7293C50E}.Release|x64.Build.0 = Release|Any CPU
		{295FB638-7C67-42DA-88FE-22DA7293C50E}.Release|x86.ActiveCfg = Release|Any CPU
		{295FB638-7C67-42DA-88FE-22DA7293C50E}.Release|x86.Build.0 = Release|Any CPU
		{7A68A7AF-6766-40A2-AE2F-58A08D1937DC}.Debug|Any CPU.ActiveCfg = Debug|Any CPU
		{7A68A7AF-6766-40A2-AE2F-58A08D1937DC}.Debug|Any CPU.Build.0 = Debug|Any CPU
		{7A68A7AF-6766-40A2-AE2F-58A08D1937DC}.Debug|x64.ActiveCfg = Debug|Any CPU
		{7A68A7AF-6766-40A2-AE2F-58A08D1937DC}.Debug|x64.Build.0 = Debug|Any CPU
		{7A68A7AF-6766-40A2-AE2F-58A08D1937DC}.Debug|x86.ActiveCfg = Debug|Any CPU
		{7A68A7AF-6766-40A2-AE2F-58A08D1937DC}.Debug|x86.Build.0 = Debug|Any CPU
		{7A68A7AF-6766-40A2-AE2F-58A08D1937DC}.Release|Any CPU.ActiveCfg = Release|Any CPU
		{7A68A7AF-6766-40A2-AE2F-58A08D1937DC}.Release|Any CPU.Build.0 = Release|Any CPU
		{7A68A7AF-6766-40A2-AE2F-58A08D1937DC}.Release|x64.ActiveCfg = Release|Any CPU
		{7A68A7AF-6766-40A2-AE2F-58A08D1937DC}.Release|x64.Build.0 = Release|Any CPU
		{7A68A7AF-6766-40A2-AE2F-58A08D1937DC}.Release|x86.ActiveCfg = Release|Any CPU
		{7A68A7AF-6766-40A2-AE2F-58A08D1937DC}.Release|x86.Build.0 = Release|Any CPU
		{5162B2A3-458D-46C6-B560-DFB27C0E1263}.Debug|Any CPU.ActiveCfg = Debug|Any CPU
		{5162B2A3-458D-46C6-B560-DFB27C0E1263}.Debug|Any CPU.Build.0 = Debug|Any CPU
		{5162B2A3-458D-46C6-B560-DFB27C0E1263}.Debug|x64.ActiveCfg = Debug|Any CPU
		{5162B2A3-458D-46C6-B560-DFB27C0E1263}.Debug|x64.Build.0 = Debug|Any CPU
		{5162B2A3-458D-46C6-B560-DFB27C0E1263}.Debug|x86.ActiveCfg = Debug|Any CPU
		{5162B2A3-458D-46C6-B560-DFB27C0E1263}.Debug|x86.Build.0 = Debug|Any CPU
		{5162B2A3-458D-46C6-B560-DFB27C0E1263}.Release|Any CPU.ActiveCfg = Release|Any CPU
		{5162B2A3-458D-46C6-B560-DFB27C0E1263}.Release|Any CPU.Build.0 = Release|Any CPU
		{5162B2A3-458D-46C6-B560-DFB27C0E1263}.Release|x64.ActiveCfg = Release|Any CPU
		{5162B2A3-458D-46C6-B560-DFB27C0E1263}.Release|x64.Build.0 = Release|Any CPU
		{5162B2A3-458D-46C6-B560-DFB27C0E1263}.Release|x86.ActiveCfg = Release|Any CPU
		{5162B2A3-458D-46C6-B560-DFB27C0E1263}.Release|x86.Build.0 = Release|Any CPU
		{D7E518EB-2CE5-495D-9B69-13A28EA0E966}.Debug|Any CPU.ActiveCfg = Debug|Any CPU
		{D7E518EB-2CE5-495D-9B69-13A28EA0E966}.Debug|Any CPU.Build.0 = Debug|Any CPU
		{D7E518EB-2CE5-495D-9B69-13A28EA0E966}.Debug|x64.ActiveCfg = Debug|Any CPU
		{D7E518EB-2CE5-495D-9B69-13A28EA0E966}.Debug|x64.Build.0 = Debug|Any CPU
		{D7E518EB-2CE5-495D-9B69-13A28EA0E966}.Debug|x86.ActiveCfg = Debug|Any CPU
		{D7E518EB-2CE5-495D-9B69-13A28EA0E966}.Debug|x86.Build.0 = Debug|Any CPU
		{D7E518EB-2CE5-495D-9B69-13A28EA0E966}.Release|Any CPU.ActiveCfg = Release|Any CPU
		{D7E518EB-2CE5-495D-9B69-13A28EA0E966}.Release|Any CPU.Build.0 = Release|Any CPU
		{D7E518EB-2CE5-495D-9B69-13A28EA0E966}.Release|x64.ActiveCfg = Release|Any CPU
		{D7E518EB-2CE5-495D-9B69-13A28EA0E966}.Release|x64.Build.0 = Release|Any CPU
		{D7E518EB-2CE5-495D-9B69-13A28EA0E966}.Release|x86.ActiveCfg = Release|Any CPU
		{D7E518EB-2CE5-495D-9B69-13A28EA0E966}.Release|x86.Build.0 = Release|Any CPU
		{C1FCBB79-051F-47CA-A164-FCEE4E32E86A}.Debug|Any CPU.ActiveCfg = Debug|Any CPU
		{C1FCBB79-051F-47CA-A164-FCEE4E32E86A}.Debug|Any CPU.Build.0 = Debug|Any CPU
		{C1FCBB79-051F-47CA-A164-FCEE4E32E86A}.Debug|x64.ActiveCfg = Debug|Any CPU
		{C1FCBB79-051F-47CA-A164-FCEE4E32E86A}.Debug|x64.Build.0 = Debug|Any CPU
		{C1FCBB79-051F-47CA-A164-FCEE4E32E86A}.Debug|x86.ActiveCfg = Debug|Any CPU
		{C1FCBB79-051F-47CA-A164-FCEE4E32E86A}.Debug|x86.Build.0 = Debug|Any CPU
		{C1FCBB79-051F-47CA-A164-FCEE4E32E86A}.Release|Any CPU.ActiveCfg = Release|Any CPU
		{C1FCBB79-051F-47CA-A164-FCEE4E32E86A}.Release|Any CPU.Build.0 = Release|Any CPU
		{C1FCBB79-051F-47CA-A164-FCEE4E32E86A}.Release|x64.ActiveCfg = Release|Any CPU
		{C1FCBB79-051F-47CA-A164-FCEE4E32E86A}.Release|x64.Build.0 = Release|Any CPU
		{C1FCBB79-051F-47CA-A164-FCEE4E32E86A}.Release|x86.ActiveCfg = Release|Any CPU
		{C1FCBB79-051F-47CA-A164-FCEE4E32E86A}.Release|x86.Build.0 = Release|Any CPU
		{88FA83FF-B2BB-499D-B0B8-DBD87817482C}.Debug|Any CPU.ActiveCfg = Debug|Any CPU
		{88FA83FF-B2BB-499D-B0B8-DBD87817482C}.Debug|Any CPU.Build.0 = Debug|Any CPU
		{88FA83FF-B2BB-499D-B0B8-DBD87817482C}.Debug|x64.ActiveCfg = Debug|Any CPU
		{88FA83FF-B2BB-499D-B0B8-DBD87817482C}.Debug|x64.Build.0 = Debug|Any CPU
		{88FA83FF-B2BB-499D-B0B8-DBD87817482C}.Debug|x86.ActiveCfg = Debug|Any CPU
		{88FA83FF-B2BB-499D-B0B8-DBD87817482C}.Debug|x86.Build.0 = Debug|Any CPU
		{88FA83FF-B2BB-499D-B0B8-DBD87817482C}.Release|Any CPU.ActiveCfg = Release|Any CPU
		{88FA83FF-B2BB-499D-B0B8-DBD87817482C}.Release|Any CPU.Build.0 = Release|Any CPU
		{88FA83FF-B2BB-499D-B0B8-DBD87817482C}.Release|x64.ActiveCfg = Release|Any CPU
		{88FA83FF-B2BB-499D-B0B8-DBD87817482C}.Release|x64.Build.0 = Release|Any CPU
		{88FA83FF-B2BB-499D-B0B8-DBD87817482C}.Release|x86.ActiveCfg = Release|Any CPU
		{88FA83FF-B2BB-499D-B0B8-DBD87817482C}.Release|x86.Build.0 = Release|Any CPU
		{1ADB7008-D47A-44AE-913F-2C09EE47F4FD}.Debug|Any CPU.ActiveCfg = Debug|Any CPU
		{1ADB7008-D47A-44AE-913F-2C09EE47F4FD}.Debug|Any CPU.Build.0 = Debug|Any CPU
		{1ADB7008-D47A-44AE-913F-2C09EE47F4FD}.Debug|x64.ActiveCfg = Debug|Any CPU
		{1ADB7008-D47A-44AE-913F-2C09EE47F4FD}.Debug|x64.Build.0 = Debug|Any CPU
		{1ADB7008-D47A-44AE-913F-2C09EE47F4FD}.Debug|x86.ActiveCfg = Debug|Any CPU
		{1ADB7008-D47A-44AE-913F-2C09EE47F4FD}.Debug|x86.Build.0 = Debug|Any CPU
		{1ADB7008-D47A-44AE-913F-2C09EE47F4FD}.Release|Any CPU.ActiveCfg = Release|Any CPU
		{1ADB7008-D47A-44AE-913F-2C09EE47F4FD}.Release|Any CPU.Build.0 = Release|Any CPU
		{1ADB7008-D47A-44AE-913F-2C09EE47F4FD}.Release|x64.ActiveCfg = Release|Any CPU
		{1ADB7008-D47A-44AE-913F-2C09EE47F4FD}.Release|x64.Build.0 = Release|Any CPU
		{1ADB7008-D47A-44AE-913F-2C09EE47F4FD}.Release|x86.ActiveCfg = Release|Any CPU
		{1ADB7008-D47A-44AE-913F-2C09EE47F4FD}.Release|x86.Build.0 = Release|Any CPU
		{455F029A-6111-4B13-88A0-EAFF8D4070F6}.Debug|Any CPU.ActiveCfg = Debug|Any CPU
		{455F029A-6111-4B13-88A0-EAFF8D4070F6}.Debug|Any CPU.Build.0 = Debug|Any CPU
		{455F029A-6111-4B13-88A0-EAFF8D4070F6}.Debug|x64.ActiveCfg = Debug|Any CPU
		{455F029A-6111-4B13-88A0-EAFF8D4070F6}.Debug|x64.Build.0 = Debug|Any CPU
		{455F029A-6111-4B13-88A0-EAFF8D4070F6}.Debug|x86.ActiveCfg = Debug|Any CPU
		{455F029A-6111-4B13-88A0-EAFF8D4070F6}.Debug|x86.Build.0 = Debug|Any CPU
		{455F029A-6111-4B13-88A0-EAFF8D4070F6}.Release|Any CPU.ActiveCfg = Release|Any CPU
		{455F029A-6111-4B13-88A0-EAFF8D4070F6}.Release|Any CPU.Build.0 = Release|Any CPU
		{455F029A-6111-4B13-88A0-EAFF8D4070F6}.Release|x64.ActiveCfg = Release|Any CPU
		{455F029A-6111-4B13-88A0-EAFF8D4070F6}.Release|x64.Build.0 = Release|Any CPU
		{455F029A-6111-4B13-88A0-EAFF8D4070F6}.Release|x86.ActiveCfg = Release|Any CPU
		{455F029A-6111-4B13-88A0-EAFF8D4070F6}.Release|x86.Build.0 = Release|Any CPU
		{707BBCE4-4A43-4F95-8398-3025D0B6B773}.Debug|Any CPU.ActiveCfg = Debug|Any CPU
		{707BBCE4-4A43-4F95-8398-3025D0B6B773}.Debug|Any CPU.Build.0 = Debug|Any CPU
		{707BBCE4-4A43-4F95-8398-3025D0B6B773}.Debug|x64.ActiveCfg = Debug|Any CPU
		{707BBCE4-4A43-4F95-8398-3025D0B6B773}.Debug|x64.Build.0 = Debug|Any CPU
		{707BBCE4-4A43-4F95-8398-3025D0B6B773}.Debug|x86.ActiveCfg = Debug|Any CPU
		{707BBCE4-4A43-4F95-8398-3025D0B6B773}.Debug|x86.Build.0 = Debug|Any CPU
		{707BBCE4-4A43-4F95-8398-3025D0B6B773}.Release|Any CPU.ActiveCfg = Release|Any CPU
		{707BBCE4-4A43-4F95-8398-3025D0B6B773}.Release|Any CPU.Build.0 = Release|Any CPU
		{707BBCE4-4A43-4F95-8398-3025D0B6B773}.Release|x64.ActiveCfg = Release|Any CPU
		{707BBCE4-4A43-4F95-8398-3025D0B6B773}.Release|x64.Build.0 = Release|Any CPU
		{707BBCE4-4A43-4F95-8398-3025D0B6B773}.Release|x86.ActiveCfg = Release|Any CPU
		{707BBCE4-4A43-4F95-8398-3025D0B6B773}.Release|x86.Build.0 = Release|Any CPU
	EndGlobalSection
	GlobalSection(SolutionProperties) = preSolution
		HideSolutionNode = FALSE
	EndGlobalSection
	GlobalSection(NestedProjects) = preSolution
		{9F5439AC-69DA-A678-4D63-D75026284502} = {02EA681E-C7D8-13C7-8484-4AC65E1B71E8}
		{ECFBDBC9-998F-4D7F-B19A-4D0C2A3C0705} = {02EA681E-C7D8-13C7-8484-4AC65E1B71E8}
		{AD21320A-F074-4CF3-8D01-51EF16F6B2EF} = {02EA681E-C7D8-13C7-8484-4AC65E1B71E8}
		{79BD94B2-D37A-B054-E27D-3F8197A238B8} = {02EA681E-C7D8-13C7-8484-4AC65E1B71E8}
		{BABF810A-686E-50F8-246A-6639D9A5EF43} = {79BD94B2-D37A-B054-E27D-3F8197A238B8}
		{1B3FCA00-D9C8-46D5-8488-A3B9113FB673} = {BABF810A-686E-50F8-246A-6639D9A5EF43}
		{8F9C5488-5DC7-4FE1-BE7E-F39A0E8596F3} = {BABF810A-686E-50F8-246A-6639D9A5EF43}
		{B2743F5C-190A-43E7-BC0E-342A8D963607} = {BABF810A-686E-50F8-246A-6639D9A5EF43}
		{F0C3794A-17FF-EA1A-7726-67742A0E6667} = {79BD94B2-D37A-B054-E27D-3F8197A238B8}
		{826004B0-A051-4187-9F8F-F16A373E5287} = {F0C3794A-17FF-EA1A-7726-67742A0E6667}
		{15AE1858-166E-4421-80A7-FDC0E9D606BF} = {F0C3794A-17FF-EA1A-7726-67742A0E6667}
		{B9250409-4ECD-4CB9-9787-6756DF407048} = {F0C3794A-17FF-EA1A-7726-67742A0E6667}
		{9895594A-53D7-CFA6-CD28-BF1D4DEAE650} = {79BD94B2-D37A-B054-E27D-3F8197A238B8}
		{BD6F4516-8E2C-4E83-9FDF-4AFF41EE42E2} = {9895594A-53D7-CFA6-CD28-BF1D4DEAE650}
		{DAA5F59E-5EAA-45F1-B661-70B0C2950E3F} = {9895594A-53D7-CFA6-CD28-BF1D4DEAE650}
		{72334B9D-EE32-408F-823B-C4D3A60443C9} = {9895594A-53D7-CFA6-CD28-BF1D4DEAE650}
		{32AB9031-46EF-EB64-39E9-1163C7E8B46C} = {79BD94B2-D37A-B054-E27D-3F8197A238B8}
		{8D281199-E37C-48F6-8ED3-87796E1C5F33} = {32AB9031-46EF-EB64-39E9-1163C7E8B46C}
		{04E24224-A089-40DF-8D73-F0824003C517} = {32AB9031-46EF-EB64-39E9-1163C7E8B46C}
		{13A8CF2E-0528-4E0C-9B6D-5287B3FE5F35} = {32AB9031-46EF-EB64-39E9-1163C7E8B46C}
		{ACC2F0D4-DC73-04C2-AB65-FFBB879EFD23} = {79BD94B2-D37A-B054-E27D-3F8197A238B8}
		{D4E58D2E-5437-4CEB-9701-32410AAF1C60} = {ACC2F0D4-DC73-04C2-AB65-FFBB879EFD23}
		{295FB638-7C67-42DA-88FE-22DA7293C50E} = {ACC2F0D4-DC73-04C2-AB65-FFBB879EFD23}
		{7A68A7AF-6766-40A2-AE2F-58A08D1937DC} = {ACC2F0D4-DC73-04C2-AB65-FFBB879EFD23}
		{F852E5E2-6A8C-2173-4CF0-8362FE2D1B2C} = {79BD94B2-D37A-B054-E27D-3F8197A238B8}
		{5162B2A3-458D-46C6-B560-DFB27C0E1263} = {F852E5E2-6A8C-2173-4CF0-8362FE2D1B2C}
		{D7E518EB-2CE5-495D-9B69-13A28EA0E966} = {F852E5E2-6A8C-2173-4CF0-8362FE2D1B2C}
		{1F3C4510-7F69-9600-66D8-DC41BE472AC0} = {79BD94B2-D37A-B054-E27D-3F8197A238B8}
		{C1FCBB79-051F-47CA-A164-FCEE4E32E86A} = {1F3C4510-7F69-9600-66D8-DC41BE472AC0}
		{88FA83FF-B2BB-499D-B0B8-DBD87817482C} = {1F3C4510-7F69-9600-66D8-DC41BE472AC0}
		{1ADB7008-D47A-44AE-913F-2C09EE47F4FD} = {1F3C4510-7F69-9600-66D8-DC41BE472AC0}
		{65C434DD-841E-43E1-48A7-8B219F512763} = {79BD94B2-D37A-B054-E27D-3F8197A238B8}
		{455F029A-6111-4B13-88A0-EAFF8D4070F6} = {65C434DD-841E-43E1-48A7-8B219F512763}
		{707BBCE4-4A43-4F95-8398-3025D0B6B773} = {65C434DD-841E-43E1-48A7-8B219F512763}
	EndGlobalSection
	GlobalSection(ExtensibilityGlobals) = postSolution
		SolutionGuid = {1F016B49-B2A0-40B2-B6C6-1D3812B9E675}
	EndGlobalSection
EndGlobal
